
Microsoft Visual Studio Solution File, Format Version 12.00
# Visual Studio Version 17
VisualStudioVersion = 17.0.31903.59
MinimumVisualStudioVersion = 10.0.40219.1
Project("{2150E333-8FDC-42A3-9474-1A3956D46DE8}") = "src", "src", "{827E0CD3-B72D-47B6-A68D-7590B98EB39B}"
EndProject
Project("{FAE04EC0-301F-11D3-BF4B-00C04F79EFBC}") = "LanBeam.Core", "src\LanBeam.Core\LanBeam.Core.csproj", "{31FEAD70-7DE4-48A8-B5FE-86A6B25CCB75}"
EndProject
Project("{FAE04EC0-301F-11D3-BF4B-00C04F79EFBC}") = "LanBeam.App", "src\LanBeam.App\LanBeam.App.csproj", "{3C959048-22FC-427A-AA23-731CC7FF150A}"
EndProject
Project("{2150E333-8FDC-42A3-9474-1A3956D46DE8}") = "tests", "tests", "{0AB3BF05-4346-4AA6-1389-037BE0695223}"
EndProject
Project("{FAE04EC0-301F-11D3-BF4B-00C04F79EFBC}") = "LanBeam.Tests", "tests\LanBeam.Tests\LanBeam.Tests.csproj", "{F50D43F0-16E1-4737-BE6E-6C0BDA40485D}"
EndProject
Global
	GlobalSection(SolutionConfigurationPlatforms) = preSolution
		Debug|Any CPU = Debug|Any CPU
		Debug|x64 = Debug|x64
		Debug|x86 = Debug|x86
		Release|Any CPU = Release|Any CPU
		Release|x64 = Release|x64
		Release|x86 = Release|x86
	EndGlobalSection
	GlobalSection(ProjectConfigurationPlatforms) = postSolution
		{31FEAD70-7DE4-48A8-B5FE-86A6B25CCB75}.Debug|Any CPU.ActiveCfg = Debug|Any CPU
		{31FEAD70-7DE4-48A8-B5FE-86A6B25CCB75}.Debug|Any CPU.Build.0 = Debug|Any CPU
		{31FEAD70-7DE4-48A8-B5FE-86A6B25CCB75}.Debug|x64.ActiveCfg = Debug|Any CPU
		{31FEAD70-7DE4-48A8-B5FE-86A6B25CCB75}.Debug|x64.Build.0 = Debug|Any CPU
		{31FEAD70-7DE4-48A8-B5FE-86A6B25CCB75}.Debug|x86.ActiveCfg = Debug|Any CPU
		{31FEAD70-7DE4-48A8-B5FE-86A6B25CCB75}.Debug|x86.Build.0 = Debug|Any CPU
		{31FEAD70-7DE4-48A8-B5FE-86A6B25CCB75}.Release|Any CPU.ActiveCfg = Release|Any CPU
		{31FEAD70-7DE4-48A8-B5FE-86A6B25CCB75}.Release|Any CPU.Build.0 = Release|Any CPU
		{31FEAD70-7DE4-48A8-B5FE-86A6B25CCB75}.Release|x64.ActiveCfg = Release|Any CPU
		{31FEAD70-7DE4-48A8-B5FE-86A6B25CCB75}.Release|x64.Build.0 = Release|Any CPU
		{31FEAD70-7DE4-48A8-B5FE-86A6B25CCB75}.Release|x86.ActiveCfg = Release|Any CPU
		{31FEAD70-7DE4-48A8-B5FE-86A6B25CCB75}.Release|x86.Build.0 = Release|Any CPU
		{3C959048-22FC-427A-AA23-731CC7FF150A}.Debug|Any CPU.ActiveCfg = Debug|Any CPU
		{3C959048-22FC-427A-AA23-731CC7FF150A}.Debug|Any CPU.Build.0 = Debug|Any CPU
		{3C959048-22FC-427A-AA23-731CC7FF150A}.Debug|x64.ActiveCfg = Debug|Any CPU
		{3C959048-22FC-427A-AA23-731CC7FF150A}.Debug|x64.Build.0 = Debug|Any CPU
		{3C959048-22FC-427A-AA23-731CC7FF150A}.Debug|x86.ActiveCfg = Debug|Any CPU
		{3C959048-22FC-427A-AA23-731CC7FF150A}.Debug|x86.Build.0 = Debug|Any CPU
		{3C959048-22FC-427A-AA23-731CC7FF150A}.Release|Any CPU.ActiveCfg = Release|Any CPU
		{3C959048-22FC-427A-AA23-731CC7FF150A}.Release|Any CPU.Build.0 = Release|Any CPU
		{3C959048-22FC-427A-AA23-731CC7FF150A}.Release|x64.ActiveCfg = Release|Any CPU
		{3C959048-22FC-427A-AA23-731CC7FF150A}.Release|x64.Build.0 = Release|Any CPU
		{3C959048-22FC-427A-AA23-731CC7FF150A}.Release|x86.ActiveCfg = Release|Any CPU
		{3C959048-22FC-427A-AA23-731CC7FF150A}.Release|x86.Build.0 = Release|Any CPU
		{F50D43F0-16E1-4737-BE6E-6C0BDA40485D}.Debug|Any CPU.ActiveCfg = Debug|Any CPU
		{F50D43F0-16E1-4737-BE6E-6C0BDA40485D}.Debug|Any CPU.Build.0 = Debug|Any CPU
		{F50D43F0-16E1-4737-BE6E-6C0BDA40485D}.Debug|x64.ActiveCfg = Debug|Any CPU
		{F50D43F0-16E1-4737-BE6E-6C0BDA40485D}.Debug|x64.Build.0 = Debug|Any CPU
		{F50D43F0-16E1-4737-BE6E-6C0BDA40485D}.Debug|x86.ActiveCfg = Debug|Any CPU
		{F50D43F0-16E1-4737-BE6E-6C0BDA40485D}.Debug|x86.Build.0 = Debug|Any CPU
		{F50D43F0-16E1-4737-BE6E-6C0BDA40485D}.Release|Any CPU.ActiveCfg = Release|Any CPU
		{F50D43F0-16E1-4737-BE6E-6C0BDA40485D}.Release|Any CPU.Build.0 = Release|Any CPU
		{F50D43F0-16E1-4737-BE6E-6C0BDA40485D}.Release|x64.ActiveCfg = Release|Any CPU
		{F50D43F0-16E1-4737-BE6E-6C0BDA40485D}.Release|x64.Build.0 = Release|Any CPU
		{F50D43F0-16E1-4737-BE6E-6C0BDA40485D}.Release|x86.ActiveCfg = Release|Any CPU
		{F50D43F0-16E1-4737-BE6E-6C0BDA40485D}.Release|x86.Build.0 = Release|Any CPU
	EndGlobalSection
	GlobalSection(SolutionProperties) = preSolution
		HideSolutionNode = FALSE
	EndGlobalSection
	GlobalSection(NestedProjects) = preSolution
		{31FEAD70-7DE4-48A8-B5FE-86A6B25CCB75} = {827E0CD3-B72D-47B6-A68D-7590B98EB39B}
		{3C959048-22FC-427A-AA23-731CC7FF150A} = {827E0CD3-B72D-47B6-A68D-7590B98EB39B}
		{F50D43F0-16E1-4737-BE6E-6C0BDA40485D} = {0AB3BF05-4346-4AA6-1389-037BE0695223}
	EndGlobalSection
EndGlobal
